
Microsoft Visual Studio Solution File, Format Version 11.00
# Visual Studio 2010
Project("{FAE04EC0-301F-11D3-BF4B-00C04F79EFBC}") = "Schrage", "Schrage\Schrage.csproj", "{7678114C-EEB6-49F5-8141-678ADE37D525}"
EndProject
Global
	GlobalSection(SolutionConfigurationPlatforms) = preSolution
		Debug|x86 = Debug|x86
		Release|x86 = Release|x86
	EndGlobalSection
	GlobalSection(ProjectConfigurationPlatforms) = postSolution
		{7678114C-EEB6-49F5-8141-678ADE37D525}.Debug|x86.ActiveCfg = Debug|x86
		{7678114C-EEB6-49F5-8141-678ADE37D525}.Debug|x86.Build.0 = Debug|x86
		{7678114C-EEB6-49F5-8141-678ADE37D525}.Release|x86.ActiveCfg = Release|x86
		{7678114C-EEB6-49F5-8141-678ADE37D525}.Release|x86.Build.0 = Release|x86
	EndGlobalSection
	GlobalSection(SolutionProperties) = preSolution
		HideSolutionNode = FALSE
	EndGlobalSection
EndGlobal
